
Microsoft Visual Studio Solution File, Format Version 12.00
# Visual Studio Version 17
VisualStudioVersion = 17.10.34928.147
MinimumVisualStudioVersion = 10.0.40219.1
Project("{9A19103F-16F7-4668-BE54-9A1E7A4F7556}") = "Xorate", "Xorate\Xorate.csproj", "{AE8189D2-1F56-409B-B6B2-39FAB4E16642}"
EndProject
Global
	GlobalSection(SolutionConfigurationPlatforms) = preSolution
		Debug|Any CPU = Debug|Any CPU
		Release|Any CPU = Release|Any CPU
	EndGlobalSection
	GlobalSection(ProjectConfigurationPlatforms) = postSolution
		{AE8189D2-1F56-409B-B6B2-39FAB4E16642}.Debug|Any CPU.ActiveCfg = Debug|Any CPU
		{AE8189D2-1F56-409B-B6B2-39FAB4E16642}.Debug|Any CPU.Build.0 = Debug|Any CPU
		{AE8189D2-1F56-409B-B6B2-39FAB4E16642}.Release|Any CPU.ActiveCfg = Release|Any CPU
		{AE8189D2-1F56-409B-B6B2-39FAB4E16642}.Release|Any CPU.Build.0 = Release|Any CPU
	EndGlobalSection
	GlobalSection(SolutionProperties) = preSolution
		HideSolutionNode = FALSE
	EndGlobalSection
	GlobalSection(ExtensibilityGlobals) = postSolution
		SolutionGuid = {FBB2EE18-DFC8-4435-B6E2-FBD5E1E0485E}
	EndGlobalSection
EndGlobal
